
Microsoft Visual Studio Solution File, Format Version 12.00
# Visual Studio 15
VisualStudioVersion = 15.0.27703.2035
MinimumVisualStudioVersion = 10.0.40219.1
Project("{8BC9CEB8-8B4A-11D0-8D11-00A0C91BC942}") = "Bicycle Codes", "Bicycle Codes\Bicycle Codes.vcxproj", "{4D1CE06C-4EAC-4B29-A5ED-71CB592A6C57}"
EndProject
Global
	GlobalSection(SolutionConfigurationPlatforms) = preSolution
		Debug|x64 = Debug|x64
		Debug|x86 = Debug|x86
		Release|x64 = Release|x64
		Release|x86 = Release|x86
	EndGlobalSection
	GlobalSection(ProjectConfigurationPlatforms) = postSolution
		{4D1CE06C-4EAC-4B29-A5ED-71CB592A6C57}.Debug|x64.ActiveCfg = Debug|x64
		{4D1CE06C-4EAC-4B29-A5ED-71CB592A6C57}.Debug|x64.Build.0 = Debug|x64
		{4D1CE06C-4EAC-4B29-A5ED-71CB592A6C57}.Debug|x86.ActiveCfg = Debug|Win32
		{4D1CE06C-4EAC-4B29-A5ED-71CB592A6C57}.Debug|x86.Build.0 = Debug|Win32
		{4D1CE06C-4EAC-4B29-A5ED-71CB592A6C57}.Release|x64.ActiveCfg = Release|x64
		{4D1CE06C-4EAC-4B29-A5ED-71CB592A6C57}.Release|x64.Build.0 = Release|x64
		{4D1CE06C-4EAC-4B29-A5ED-71CB592A6C57}.Release|x86.ActiveCfg = Release|Win32
		{4D1CE06C-4EAC-4B29-A5ED-71CB592A6C57}.Release|x86.Build.0 = Release|Win32
	EndGlobalSection
	GlobalSection(SolutionProperties) = preSolution
		HideSolutionNode = FALSE
	EndGlobalSection
	GlobalSection(ExtensibilityGlobals) = postSolution
		SolutionGuid = {8F48BC9F-0935-41A1-BBA7-16F4CF5F1F64}
	EndGlobalSection
EndGlobal
